{
  "requires": true,
  "lockfileVersion": 1,
  "dependencies": {
    "nusantara-valid": {
      "version": "0.4.0",
      "resolved": "https://registry.npmjs.org/nusantara-valid/-/nusantara-valid-0.4.0.tgz",
      "integrity": "sha512-HxfvHy9KbpA0p4h7TfVX1YC8D2cXXCbR8ecG/NykukN8BBJIDy/Lq8nMDSP/TuGhgjgss69GXCjcjZSu7ykU7Q=="
    }
  }
}
